
Microsoft Visual Studio Solution File, Format Version 12.00
# Visual Studio 2013
VisualStudioVersion = 12.0.31101.0
MinimumVisualStudioVersion = 10.0.40219.1
Project("{FAE04EC0-301F-11D3-BF4B-00C04F79EFBC}") = "Tangles", "Tangles\Tangles.csproj", "{64CBC4B7-D466-423D-ABB0-132ED31A9935}"
EndProject
Project("{FAE04EC0-301F-11D3-BF4B-00C04F79EFBC}") = "UnitTests", "UnitTests\UnitTests.csproj", "{818838B2-614A-4211-8147-36129653A825}"
EndProject
Global
	GlobalSection(SolutionConfigurationPlatforms) = preSolution
		Debug|Any CPU = Debug|Any CPU
		Release|Any CPU = Release|Any CPU
	EndGlobalSection
	GlobalSection(ProjectConfigurationPlatforms) = postSolution
		{64CBC4B7-D466-423D-ABB0-132ED31A9935}.Debug|Any CPU.ActiveCfg = Debug|Any CPU
		{64CBC4B7-D466-423D-ABB0-132ED31A9935}.Debug|Any CPU.Build.0 = Debug|Any CPU
		{64CBC4B7-D466-423D-ABB0-132ED31A9935}.Release|Any CPU.ActiveCfg = Release|Any CPU
		{64CBC4B7-D466-423D-ABB0-132ED31A9935}.Release|Any CPU.Build.0 = Release|Any CPU
		{818838B2-614A-4211-8147-36129653A825}.Debug|Any CPU.ActiveCfg = Debug|Any CPU
		{818838B2-614A-4211-8147-36129653A825}.Debug|Any CPU.Build.0 = Debug|Any CPU
		{818838B2-614A-4211-8147-36129653A825}.Release|Any CPU.ActiveCfg = Release|Any CPU
		{818838B2-614A-4211-8147-36129653A825}.Release|Any CPU.Build.0 = Release|Any CPU
	EndGlobalSection
	GlobalSection(SolutionProperties) = preSolution
		HideSolutionNode = FALSE
	EndGlobalSection
EndGlobal
